
Microsoft Visual Studio Solution File, Format Version 12.00
# Visual Studio Version 16
VisualStudioVersion = 16.0.31624.102
MinimumVisualStudioVersion = 10.0.40219.1
Project("{FAE04EC0-301F-11D3-BF4B-00C04F79EFBC}") = "wVehículos", "wVehículos.csproj", "{C9299B28-8393-43FD-B58B-BBE1804706E1}"
EndProject
Global
	GlobalSection(SolutionConfigurationPlatforms) = preSolution
		Debug|Any CPU = Debug|Any CPU
		Release|Any CPU = Release|Any CPU
	EndGlobalSection
	GlobalSection(ProjectConfigurationPlatforms) = postSolution
		{C9299B28-8393-43FD-B58B-BBE1804706E1}.Debug|Any CPU.ActiveCfg = Debug|Any CPU
		{C9299B28-8393-43FD-B58B-BBE1804706E1}.Debug|Any CPU.Build.0 = Debug|Any CPU
		{C9299B28-8393-43FD-B58B-BBE1804706E1}.Release|Any CPU.ActiveCfg = Release|Any CPU
		{C9299B28-8393-43FD-B58B-BBE1804706E1}.Release|Any CPU.Build.0 = Release|Any CPU
	EndGlobalSection
	GlobalSection(SolutionProperties) = preSolution
		HideSolutionNode = FALSE
	EndGlobalSection
	GlobalSection(ExtensibilityGlobals) = postSolution
		SolutionGuid = {A3A2E907-0E60-4545-A84C-2425D1E24A52}
	EndGlobalSection
EndGlobal
